
Microsoft Visual Studio Solution File, Format Version 12.00
# Visual Studio Version 16
VisualStudioVersion = 16.0.29806.167
MinimumVisualStudioVersion = 10.0.40219.1
Project("{FAE04EC0-301F-11D3-BF4B-00C04F79EFBC}") = "Поваренок", "Поваренок.csproj", "{61DD0141-8F57-492E-B363-A65D26C75DAF}"
EndProject
Global
	GlobalSection(SolutionConfigurationPlatforms) = preSolution
		Debug|Any CPU = Debug|Any CPU
		Release|Any CPU = Release|Any CPU
	EndGlobalSection
	GlobalSection(ProjectConfigurationPlatforms) = postSolution
		{61DD0141-8F57-492E-B363-A65D26C75DAF}.Debug|Any CPU.ActiveCfg = Debug|Any CPU
		{61DD0141-8F57-492E-B363-A65D26C75DAF}.Debug|Any CPU.Build.0 = Debug|Any CPU
		{61DD0141-8F57-492E-B363-A65D26C75DAF}.Release|Any CPU.ActiveCfg = Release|Any CPU
		{61DD0141-8F57-492E-B363-A65D26C75DAF}.Release|Any CPU.Build.0 = Release|Any CPU
	EndGlobalSection
	GlobalSection(SolutionProperties) = preSolution
		HideSolutionNode = FALSE
	EndGlobalSection
	GlobalSection(ExtensibilityGlobals) = postSolution
		SolutionGuid = {F3193C3D-53AC-4D5B-B31C-6A2BC50724A4}
	EndGlobalSection
EndGlobal
